// !$*UTF8*$!
{
	archiveVersion = 1;
	classes = {
	};
	objectVersion = 55;
	objects = {

/* Begin PBXBuildFile section */
		375B3E44287433FB00C0BE9C /* IntentsAndPermissionsApp.swift in Sources */ = {isa = PBXBuildFile; fileRef = 375B3E43287433FB00C0BE9C /* IntentsAndPermissionsApp.swift */; };
		375B3E46287433FB00C0BE9C /* ContentView.swift in Sources */ = {isa = PBXBuildFile; fileRef = 375B3E45287433FB00C0BE9C /* ContentView.swift */; };
		375B3E48287433FC00C0BE9C /* Assets.xcassets in Resources */ = {isa = PBXBuildFile; fileRef = 375B3E47287433FC00C0BE9C /* Assets.xcassets */; };
		375B3E4B287433FC00C0BE9C /* Preview Assets.xcassets in Resources */ = {isa = PBXBuildFile; fileRef = 375B3E4A287433FC00C0BE9C /* Preview Assets.xcassets */; };
		375B3E532874351100C0BE9C /* ActivityLog.swift in Sources */ = {isa = PBXBuildFile; fileRef = 375B3E522874351100C0BE9C /* ActivityLog.swift */; };
		375B3E55287435EE00C0BE9C /* LogActivityView.swift in Sources */ = {isa = PBXBuildFile; fileRef = 375B3E54287435EE00C0BE9C /* LogActivityView.swift */; };
		375B3E572874384100C0BE9C /* DropFileView.swift in Sources */ = {isa = PBXBuildFile; fileRef = 375B3E562874384100C0BE9C /* DropFileView.swift */; };
		375B3E592874496A00C0BE9C /* Importer.swift in Sources */ = {isa = PBXBuildFile; fileRef = 375B3E582874496A00C0BE9C /* Importer.swift */; };
		375B3E5D28744B5400C0BE9C /* Intents.intentdefinition in Sources */ = {isa = PBXBuildFile; fileRef = 375B3E5C28744B5400C0BE9C /* Intents.intentdefinition */; };
/* End PBXBuildFile section */

/* Begin PBXFileReference section */
		375B3E40287433FB00C0BE9C /* IntentsAndPermissions.app */ = {isa = PBXFileReference; explicitFileType = wrapper.application; includeInIndex = 0; path = IntentsAndPermissions.app; sourceTree = BUILT_PRODUCTS_DIR; };
		375B3E43287433FB00C0BE9C /* IntentsAndPermissionsApp.swift */ = {isa = PBXFileReference; lastKnownFileType = sourcecode.swift; path = IntentsAndPermissionsApp.swift; sourceTree = "<group>"; };
		375B3E45287433FB00C0BE9C /* ContentView.swift */ = {isa = PBXFileReference; lastKnownFileType = sourcecode.swift; path = ContentView.swift; sourceTree = "<group>"; };
		375B3E47287433FC00C0BE9C /* Assets.xcassets */ = {isa = PBXFileReference; lastKnownFileType = folder.assetcatalog; path = Assets.xcassets; sourceTree = "<group>"; };
		375B3E4A287433FC00C0BE9C /* Preview Assets.xcassets */ = {isa = PBXFileReference; lastKnownFileType = folder.assetcatalog; path = "Preview Assets.xcassets"; sourceTree = "<group>"; };
		375B3E4C287433FC00C0BE9C /* IntentsAndPermissions.entitlements */ = {isa = PBXFileReference; lastKnownFileType = text.plist.entitlements; path = IntentsAndPermissions.entitlements; sourceTree = "<group>"; };
		375B3E522874351100C0BE9C /* ActivityLog.swift */ = {isa = PBXFileReference; lastKnownFileType = sourcecode.swift; path = ActivityLog.swift; sourceTree = "<group>"; };
		375B3E54287435EE00C0BE9C /* LogActivityView.swift */ = {isa = PBXFileReference; lastKnownFileType = sourcecode.swift; path = LogActivityView.swift; sourceTree = "<group>"; };
		375B3E562874384100C0BE9C /* DropFileView.swift */ = {isa = PBXFileReference; lastKnownFileType = sourcecode.swift; path = DropFileView.swift; sourceTree = "<group>"; };
		375B3E582874496A00C0BE9C /* Importer.swift */ = {isa = PBXFileReference; lastKnownFileType = sourcecode.swift; path = Importer.swift; sourceTree = "<group>"; };
		375B3E5C28744B5400C0BE9C /* Intents.intentdefinition */ = {isa = PBXFileReference; lastKnownFileType = file.intentdefinition; path = Intents.intentdefinition; sourceTree = "<group>"; };
		375B3E5E28744BC300C0BE9C /* Info.plist */ = {isa = PBXFileReference; lastKnownFileType = text.plist; path = Info.plist; sourceTree = "<group>"; };
/* End PBXFileReference section */

/* Begin PBXFrameworksBuildPhase section */
		375B3E3D287433FB00C0BE9C /* Frameworks */ = {
			isa = PBXFrameworksBuildPhase;
			buildActionMask = 2147483647;
			files = (
			);
			runOnlyForDeploymentPostprocessing = 0;
		};
/* End PBXFrameworksBuildPhase section */

/* Begin PBXGroup section */
		375B3E37287433FB00C0BE9C = {
			isa = PBXGroup;
			children = (
				375B3E42287433FB00C0BE9C /* IntentsAndPermissions */,
				375B3E41287433FB00C0BE9C /* Products */,
			);
			sourceTree = "<group>";
		};
		375B3E41287433FB00C0BE9C /* Products */ = {
			isa = PBXGroup;
			children = (
				375B3E40287433FB00C0BE9C /* IntentsAndPermissions.app */,
			);
			name = Products;
			sourceTree = "<group>";
		};
		375B3E42287433FB00C0BE9C /* IntentsAndPermissions */ = {
			isa = PBXGroup;
			children = (
				375B3E5E28744BC300C0BE9C /* Info.plist */,
				375B3E5B28744B4400C0BE9C /* Intents */,
				375B3E5A28744ACA00C0BE9C /* Views */,
				375B3E43287433FB00C0BE9C /* IntentsAndPermissionsApp.swift */,
				375B3E47287433FC00C0BE9C /* Assets.xcassets */,
				375B3E4C287433FC00C0BE9C /* IntentsAndPermissions.entitlements */,
				375B3E49287433FC00C0BE9C /* Preview Content */,
				375B3E522874351100C0BE9C /* ActivityLog.swift */,
				375B3E582874496A00C0BE9C /* Importer.swift */,
			);
			path = IntentsAndPermissions;
			sourceTree = "<group>";
		};
		375B3E49287433FC00C0BE9C /* Preview Content */ = {
			isa = PBXGroup;
			children = (
				375B3E4A287433FC00C0BE9C /* Preview Assets.xcassets */,
			);
			path = "Preview Content";
			sourceTree = "<group>";
		};
		375B3E5A28744ACA00C0BE9C /* Views */ = {
			isa = PBXGroup;
			children = (
				375B3E45287433FB00C0BE9C /* ContentView.swift */,
				375B3E54287435EE00C0BE9C /* LogActivityView.swift */,
				375B3E562874384100C0BE9C /* DropFileView.swift */,
			);
			path = Views;
			sourceTree = "<group>";
		};
		375B3E5B28744B4400C0BE9C /* Intents */ = {
			isa = PBXGroup;
			children = (
				375B3E5C28744B5400C0BE9C /* Intents.intentdefinition */,
			);
			path = Intents;
			sourceTree = "<group>";
		};
/* End PBXGroup section */

/* Begin PBXNativeTarget section */
		375B3E3F287433FB00C0BE9C /* IntentsAndPermissions */ = {
			isa = PBXNativeTarget;
			buildConfigurationList = 375B3E4F287433FC00C0BE9C /* Build configuration list for PBXNativeTarget "IntentsAndPermissions" */;
			buildPhases = (
				375B3E3C287433FB00C0BE9C /* Sources */,
				375B3E3D287433FB00C0BE9C /* Frameworks */,
				375B3E3E287433FB00C0BE9C /* Resources */,
			);
			buildRules = (
			);
			dependencies = (
			);
			name = IntentsAndPermissions;
			productName = IntentsAndPermissions;
			productReference = 375B3E40287433FB00C0BE9C /* IntentsAndPermissions.app */;
			productType = "com.apple.product-type.application";
		};
/* End PBXNativeTarget section */

/* Begin PBXProject section */
		375B3E38287433FB00C0BE9C /* Project object */ = {
			isa = PBXProject;
			attributes = {
				BuildIndependentTargetsInParallel = 1;
				LastSwiftUpdateCheck = 1340;
				LastUpgradeCheck = 1340;
				TargetAttributes = {
					375B3E3F287433FB00C0BE9C = {
						CreatedOnToolsVersion = 13.4.1;
					};
				};
			};
			buildConfigurationList = 375B3E3B287433FB00C0BE9C /* Build configuration list for PBXProject "IntentsAndPermissions" */;
			compatibilityVersion = "Xcode 13.0";
			developmentRegion = en;
			hasScannedForEncodings = 0;
			knownRegions = (
				en,
				Base,
			);
			mainGroup = 375B3E37287433FB00C0BE9C;
			productRefGroup = 375B3E41287433FB00C0BE9C /* Products */;
			projectDirPath = "";
			projectRoot = "";
			targets = (
				375B3E3F287433FB00C0BE9C /* IntentsAndPermissions */,
			);
		};
/* End PBXProject section */

/* Begin PBXResourcesBuildPhase section */
		375B3E3E287433FB00C0BE9C /* Resources */ = {
			isa = PBXResourcesBuildPhase;
			buildActionMask = 2147483647;
			files = (
				375B3E4B287433FC00C0BE9C /* Preview Assets.xcassets in Resources */,
				375B3E48287433FC00C0BE9C /* Assets.xcassets in Resources */,
			);
			runOnlyForDeploymentPostprocessing = 0;
		};
/* End PBXResourcesBuildPhase section */

/* Begin PBXSourcesBuildPhase section */
		375B3E3C287433FB00C0BE9C /* Sources */ = {
			isa = PBXSourcesBuildPhase;
			buildActionMask = 2147483647;
			files = (
				375B3E5D28744B5400C0BE9C /* Intents.intentdefinition in Sources */,
				375B3E572874384100C0BE9C /* DropFileView.swift in Sources */,
				375B3E46287433FB00C0BE9C /* ContentView.swift in Sources */,
				375B3E44287433FB00C0BE9C /* IntentsAndPermissionsApp.swift in Sources */,
				375B3E55287435EE00C0BE9C /* LogActivityView.swift in Sources */,
				375B3E532874351100C0BE9C /* ActivityLog.swift in Sources */,
				375B3E592874496A00C0BE9C /* Importer.swift in Sources */,
			);
			runOnlyForDeploymentPostprocessing = 0;
		};
/* End PBXSourcesBuildPhase section */

/* Begin XCBuildConfiguration section */
		375B3E4D287433FC00C0BE9C /* Debug */ = {
			isa = XCBuildConfiguration;
			buildSettings = {
				ALWAYS_SEARCH_USER_PATHS = NO;
				CLANG_ANALYZER_NONNULL = YES;
				CLANG_ANALYZER_NUMBER_OBJECT_CONVERSION = YES_AGGRESSIVE;
				CLANG_CXX_LANGUAGE_STANDARD = "gnu++17";
				CLANG_ENABLE_MODULES = YES;
				CLANG_ENABLE_OBJC_ARC = YES;
				CLANG_ENABLE_OBJC_WEAK = YES;
				CLANG_WARN_BLOCK_CAPTURE_AUTORELEASING = YES;
				CLANG_WARN_BOOL_CONVERSION = YES;
				CLANG_WARN_COMMA = YES;
				CLANG_WARN_CONSTANT_CONVERSION = YES;
				CLANG_WARN_DEPRECATED_OBJC_IMPLEMENTATIONS = YES;
				CLANG_WARN_DIRECT_OBJC_ISA_USAGE = YES_ERROR;
				CLANG_WARN_DOCUMENTATION_COMMENTS = YES;
				CLANG_WARN_EMPTY_BODY = YES;
				CLANG_WARN_ENUM_CONVERSION = YES;
				CLANG_WARN_INFINITE_RECURSION = YES;
				CLANG_WARN_INT_CONVERSION = YES;
				CLANG_WARN_NON_LITERAL_NULL_CONVERSION = YES;
				CLANG_WARN_OBJC_IMPLICIT_RETAIN_SELF = YES;
				CLANG_WARN_OBJC_LITERAL_CONVERSION = YES;
				CLANG_WARN_OBJC_ROOT_CLASS = YES_ERROR;
				CLANG_WARN_QUOTED_INCLUDE_IN_FRAMEWORK_HEADER = YES;
				CLANG_WARN_RANGE_LOOP_ANALYSIS = YES;
				CLANG_WARN_STRICT_PROTOTYPES = YES;
				CLANG_WARN_SUSPICIOUS_MOVE = YES;
				CLANG_WARN_UNGUARDED_AVAILABILITY = YES_AGGRESSIVE;
				CLANG_WARN_UNREACHABLE_CODE = YES;
				CLANG_WARN__DUPLICATE_METHOD_MATCH = YES;
				COPY_PHASE_STRIP = NO;
				DEBUG_INFORMATION_FORMAT = dwarf;
				ENABLE_STRICT_OBJC_MSGSEND = YES;
				ENABLE_TESTABILITY = YES;
				GCC_C_LANGUAGE_STANDARD = gnu11;
				GCC_DYNAMIC_NO_PIC = NO;
				GCC_NO_COMMON_BLOCKS = YES;
				GCC_OPTIMIZATION_LEVEL = 0;
				GCC_PREPROCESSOR_DEFINITIONS = (
					"DEBUG=1",
					"$(inherited)",
				);
				GCC_WARN_64_TO_32_BIT_CONVERSION = YES;
				GCC_WARN_ABOUT_RETURN_TYPE = YES_ERROR;
				GCC_WARN_UNDECLARED_SELECTOR = YES;
				GCC_WARN_UNINITIALIZED_AUTOS = YES_AGGRESSIVE;
				GCC_WARN_UNUSED_FUNCTION = YES;
				GCC_WARN_UNUSED_VARIABLE = YES;
				MACOSX_DEPLOYMENT_TARGET = 12.3;
				MTL_ENABLE_DEBUG_INFO = INCLUDE_SOURCE;
				MTL_FAST_MATH = YES;
				ONLY_ACTIVE_ARCH = YES;
				SDKROOT = macosx;
				SWIFT_ACTIVE_COMPILATION_CONDITIONS = DEBUG;
				SWIFT_OPTIMIZATION_LEVEL = "-Onone";
			};
			name = Debug;
		};
		375B3E4E287433FC00C0BE9C /* Release */ = {
			isa = XCBuildConfiguration;
			buildSettings = {
				ALWAYS_SEARCH_USER_PATHS = NO;
				CLANG_ANALYZER_NONNULL = YES;
				CLANG_ANALYZER_NUMBER_OBJECT_CONVERSION = YES_AGGRESSIVE;
				CLANG_CXX_LANGUAGE_STANDARD = "gnu++17";
				CLANG_ENABLE_MODULES = YES;
				CLANG_ENABLE_OBJC_ARC = YES;
				CLANG_ENABLE_OBJC_WEAK = YES;
				CLANG_WARN_BLOCK_CAPTURE_AUTORELEASING = YES;
				CLANG_WARN_BOOL_CONVERSION = YES;
				CLANG_WARN_COMMA = YES;
				CLANG_WARN_CONSTANT_CONVERSION = YES;
				CLANG_WARN_DEPRECATED_OBJC_IMPLEMENTATIONS = YES;
				CLANG_WARN_DIRECT_OBJC_ISA_USAGE = YES_ERROR;
				CLANG_WARN_DOCUMENTATION_COMMENTS = YES;
				CLANG_WARN_EMPTY_BODY = YES;
				CLANG_WARN_ENUM_CONVERSION = YES;
				CLANG_WARN_INFINITE_RECURSION = YES;
				CLANG_WARN_INT_CONVERSION = YES;
				CLANG_WARN_NON_LITERAL_NULL_CONVERSION = YES;
				CLANG_WARN_OBJC_IMPLICIT_RETAIN_SELF = YES;
				CLANG_WARN_OBJC_LITERAL_CONVERSION = YES;
				CLANG_WARN_OBJC_ROOT_CLASS = YES_ERROR;
				CLANG_WARN_QUOTED_INCLUDE_IN_FRAMEWORK_HEADER = YES;
				CLANG_WARN_RANGE_LOOP_ANALYSIS = YES;
				CLANG_WARN_STRICT_PROTOTYPES = YES;
				CLANG_WARN_SUSPICIOUS_MOVE = YES;
				CLANG_WARN_UNGUARDED_AVAILABILITY = YES_AGGRESSIVE;
				CLANG_WARN_UNREACHABLE_CODE = YES;
				CLANG_WARN__DUPLICATE_METHOD_MATCH = YES;
				COPY_PHASE_STRIP = NO;
				DEBUG_INFORMATION_FORMAT = "dwarf-with-dsym";
				ENABLE_NS_ASSERTIONS = NO;
				ENABLE_STRICT_OBJC_MSGSEND = YES;
				GCC_C_LANGUAGE_STANDARD = gnu11;
				GCC_NO_COMMON_BLOCKS = YES;
				GCC_WARN_64_TO_32_BIT_CONVERSION = YES;
				GCC_WARN_ABOUT_RETURN_TYPE = YES_ERROR;
				GCC_WARN_UNDECLARED_SELECTOR = YES;
				GCC_WARN_UNINITIALIZED_AUTOS = YES_AGGRESSIVE;
				GCC_WARN_UNUSED_FUNCTION = YES;
				GCC_WARN_UNUSED_VARIABLE = YES;
				MACOSX_DEPLOYMENT_TARGET = 12.3;
				MTL_ENABLE_DEBUG_INFO = NO;
				MTL_FAST_MATH = YES;
				SDKROOT = macosx;
				SWIFT_COMPILATION_MODE = wholemodule;
				SWIFT_OPTIMIZATION_LEVEL = "-O";
			};
			name = Release;
		};
		375B3E50287433FC00C0BE9C /* Debug */ = {
			isa = XCBuildConfiguration;
			buildSettings = {
				ASSETCATALOG_COMPILER_APPICON_NAME = AppIcon;
				ASSETCATALOG_COMPILER_GLOBAL_ACCENT_COLOR_NAME = AccentColor;
				CODE_SIGN_ENTITLEMENTS = IntentsAndPermissions/IntentsAndPermissions.entitlements;
				CODE_SIGN_STYLE = Automatic;
				COMBINE_HIDPI_IMAGES = YES;
				CURRENT_PROJECT_VERSION = 1;
				DEVELOPMENT_ASSET_PATHS = "\"IntentsAndPermissions/Preview Content\"";
				DEVELOPMENT_TEAM = 86L8LRJ2PQ;
				ENABLE_HARDENED_RUNTIME = YES;
				ENABLE_PREVIEWS = YES;
				GENERATE_INFOPLIST_FILE = YES;
				INFOPLIST_FILE = IntentsAndPermissions/Info.plist;
				INFOPLIST_KEY_NSHumanReadableCopyright = "";
				LD_RUNPATH_SEARCH_PATHS = (
					"$(inherited)",
					"@executable_path/../Frameworks",
				);
				MARKETING_VERSION = 1.0;
				PRODUCT_BUNDLE_IDENTIFIER = com.waltin.IntentsAndPermissions;
				PRODUCT_NAME = "$(TARGET_NAME)";
				SWIFT_EMIT_LOC_STRINGS = YES;
				SWIFT_VERSION = 5.0;
			};
			name = Debug;
		};
		375B3E51287433FC00C0BE9C /* Release */ = {
			isa = XCBuildConfiguration;
			buildSettings = {
				ASSETCATALOG_COMPILER_APPICON_NAME = AppIcon;
				ASSETCATALOG_COMPILER_GLOBAL_ACCENT_COLOR_NAME = AccentColor;
				CODE_SIGN_ENTITLEMENTS = IntentsAndPermissions/IntentsAndPermissions.entitlements;
				CODE_SIGN_STYLE = Automatic;
				COMBINE_HIDPI_IMAGES = YES;
				CURRENT_PROJECT_VERSION = 1;
				DEVELOPMENT_ASSET_PATHS = "\"IntentsAndPermissions/Preview Content\"";
				DEVELOPMENT_TEAM = 86L8LRJ2PQ;
				ENABLE_HARDENED_RUNTIME = YES;
				ENABLE_PREVIEWS = YES;
				GENERATE_INFOPLIST_FILE = YES;
				INFOPLIST_FILE = IntentsAndPermissions/Info.plist;
				INFOPLIST_KEY_NSHumanReadableCopyright = "";
				LD_RUNPATH_SEARCH_PATHS = (
					"$(inherited)",
					"@executable_path/../Frameworks",
				);
				MARKETING_VERSION = 1.0;
				PRODUCT_BUNDLE_IDENTIFIER = com.waltin.IntentsAndPermissions;
				PRODUCT_NAME = "$(TARGET_NAME)";
				SWIFT_EMIT_LOC_STRINGS = YES;
				SWIFT_VERSION = 5.0;
			};
			name = Release;
		};
/* End XCBuildConfiguration section */

/* Begin XCConfigurationList section */
		375B3E3B287433FB00C0BE9C /* Build configuration list for PBXProject "IntentsAndPermissions" */ = {
			isa = XCConfigurationList;
			buildConfigurations = (
				375B3E4D287433FC00C0BE9C /* Debug */,
				375B3E4E287433FC00C0BE9C /* Release */,
			);
			defaultConfigurationIsVisible = 0;
			defaultConfigurationName = Release;
		};
		375B3E4F287433FC00C0BE9C /* Build configuration list for PBXNativeTarget "IntentsAndPermissions" */ = {
			isa = XCConfigurationList;
			buildConfigurations = (
				375B3E50287433FC00C0BE9C /* Debug */,
				375B3E51287433FC00C0BE9C /* Release */,
			);
			defaultConfigurationIsVisible = 0;
			defaultConfigurationName = Release;
		};
/* End XCConfigurationList section */
	};
	rootObject = 375B3E38287433FB00C0BE9C /* Project object */;
}
